
Microsoft Visual Studio Solution File, Format Version 12.00
# Visual Studio Version 17
VisualStudioVersion = 17.0.32112.339
MinimumVisualStudioVersion = 10.0.40219.1
Project("{2150E333-8FDC-42A3-9474-1A3956D46DE8}") = "Unidad1", "Unidad1", "{345272DD-D568-4759-9716-D25EF091F4F0}"
EndProject
Project("{9A19103F-16F7-4668-BE54-9A1E7A4F7556}") = "MenuDeCinta", "MenuDeCinta\MenuDeCinta.csproj", "{4C2B3488-0DE0-48A3-91A7-7284E743A229}"
EndProject
Global
	GlobalSection(SolutionConfigurationPlatforms) = preSolution
		Debug|Any CPU = Debug|Any CPU
		Release|Any CPU = Release|Any CPU
	EndGlobalSection
	GlobalSection(ProjectConfigurationPlatforms) = postSolution
		{4C2B3488-0DE0-48A3-91A7-7284E743A229}.Debug|Any CPU.ActiveCfg = Debug|Any CPU
		{4C2B3488-0DE0-48A3-91A7-7284E743A229}.Debug|Any CPU.Build.0 = Debug|Any CPU
		{4C2B3488-0DE0-48A3-91A7-7284E743A229}.Release|Any CPU.ActiveCfg = Release|Any CPU
		{4C2B3488-0DE0-48A3-91A7-7284E743A229}.Release|Any CPU.Build.0 = Release|Any CPU
	EndGlobalSection
	GlobalSection(SolutionProperties) = preSolution
		HideSolutionNode = FALSE
	EndGlobalSection
	GlobalSection(NestedProjects) = preSolution
		{4C2B3488-0DE0-48A3-91A7-7284E743A229} = {345272DD-D568-4759-9716-D25EF091F4F0}
	EndGlobalSection
	GlobalSection(ExtensibilityGlobals) = postSolution
		SolutionGuid = {7174D374-D771-410E-96EC-97C08E876319}
	EndGlobalSection
EndGlobal
